schema: '2.0'
stages:
  prepare:
    cmd: uv run python -m src.data.make_dataset
    deps:
    - path: src/data/make_dataset.py
      hash: md5
      md5: 498bb42508053133e1349f3de7ade913
      size: 4545
    outs:
    - path: data/processed/data_summary.json
      hash: md5
      md5: dd61769be1e25d767493f735fdf69f4f
      size: 212
    - path: data/processed/titanic_processed.csv
      hash: md5
      md5: 615ee6d789c4716e1f463c0a8f3973cd
      size: 14496
  train:
    cmd: uv run python src/models/train_model.py random_forest_medium
    deps:
    - path: configs/model/random_forest_medium.yaml
      hash: md5
      md5: fec0522a7c342fe9899545b64157745c
      size: 158
    - path: data/features/train_features.csv
      hash: md5
      md5: 320ea68bcffc52323f24639858f4134c
      size: 52561
    - path: data/features/val_features.csv
      hash: md5
      md5: 4f94d0440a049b203056d99727aabc28
      size: 11353
    - path: src/models/train_model.py
      hash: md5
      md5: 73494b3ddc9a7836f33919c4135879ea
      size: 16565
    outs:
    - path: models/metrics.json
      hash: md5
      md5: 16c5b639195c96a4c991fe4667580246
      size: 230
    - path: models/model.pkl
      hash: md5
      md5: 7db1d79e426d03c4fbc44b76d66bb307
      size: 1334857
  split:
    cmd: uv run python -m src.data.split_dataset --config configs/pipeline.yaml
    deps:
    - path: configs/pipeline.yaml
      hash: md5
      md5: 4ade9009db5db9fbdd8f2feb89aca119
      size: 645
    - path: data/processed/titanic_processed.csv
      hash: md5
      md5: 615ee6d789c4716e1f463c0a8f3973cd
      size: 14496
    - path: src/data/split_dataset.py
      hash: md5
      md5: 316480153858457d9bc52537c44e85c7
      size: 6566
    outs:
    - path: data/processed/split_summary.json
      hash: md5
      md5: 5ee0455bf82f0b774a2db53dc1982d86
      size: 422
    - path: data/processed/test.csv
      hash: md5
      md5: 09b2b3c2ca0de19c150d6c85bb869f88
      size: 2232
    - path: data/processed/train.csv
      hash: md5
      md5: 24bdbafba0e09587d61e65d303fa16ae
      size: 10122
    - path: data/processed/val.csv
      hash: md5
      md5: 6ad0d5c096a13bb5c0fe5d660446b622
      size: 2216
  feature_engineering:
    cmd: uv run python -m src.features.build_features --config
      configs/pipeline.yaml --data-dir data/processed
    deps:
    - path: configs/pipeline.yaml
      hash: md5
      md5: 4ade9009db5db9fbdd8f2feb89aca119
      size: 645
    - path: data/processed/test.csv
      hash: md5
      md5: 09b2b3c2ca0de19c150d6c85bb869f88
      size: 2232
    - path: data/processed/train.csv
      hash: md5
      md5: 24bdbafba0e09587d61e65d303fa16ae
      size: 10122
    - path: data/processed/val.csv
      hash: md5
      md5: 6ad0d5c096a13bb5c0fe5d660446b622
      size: 2216
    - path: src/features/build_features.py
      hash: md5
      md5: 3c581ae7bdc89b6404ba11651c510f94
      size: 6618
    outs:
    - path: data/features/feature_summary.json
      hash: md5
      md5: 8ca68ba9cd206d3f3d8d66d016682f92
      size: 516
    - path: data/features/test_features.csv
      hash: md5
      md5: 4cb6415f58899a715ecb90ee188dfe9c
      size: 11376
    - path: data/features/train_features.csv
      hash: md5
      md5: 320ea68bcffc52323f24639858f4134c
      size: 52561
    - path: data/features/val_features.csv
      hash: md5
      md5: 4f94d0440a049b203056d99727aabc28
      size: 11353
  validate_data:
    cmd: uv run python -m src.data.validate_dataset --config
      configs/pipeline.yaml
    deps:
    - path: configs/pipeline.yaml
      hash: md5
      md5: 4ade9009db5db9fbdd8f2feb89aca119
      size: 645
    - path: data/processed/test.csv
      hash: md5
      md5: 09b2b3c2ca0de19c150d6c85bb869f88
      size: 2232
    - path: data/processed/train.csv
      hash: md5
      md5: 24bdbafba0e09587d61e65d303fa16ae
      size: 10122
    - path: data/processed/val.csv
      hash: md5
      md5: 6ad0d5c096a13bb5c0fe5d660446b622
      size: 2216
    - path: src/data/validate_dataset.py
      hash: md5
      md5: 09420771588d3ca720dd0bae664bb53f
      size: 8206
    outs:
    - path: data/processed/validation_report.json
      hash: md5
      md5: 5a70bf249d66090db6b2b995f66de237
      size: 2868
  evaluate:
    cmd: uv run python -m src.models.evaluate_model --config
      configs/pipeline.yaml
    deps:
    - path: configs/pipeline.yaml
      hash: md5
      md5: 4ade9009db5db9fbdd8f2feb89aca119
      size: 645
    - path: data/features/test_features.csv
      hash: md5
      md5: 4cb6415f58899a715ecb90ee188dfe9c
      size: 11376
    - path: models/model.pkl
      hash: md5
      md5: 7db1d79e426d03c4fbc44b76d66bb307
      size: 1334857
    - path: src/models/evaluate_model.py
      hash: md5
      md5: fc0dfafb960aace92275f8f293a11e1c
      size: 6680
    outs:
    - path: models/evaluation_metrics.json
      hash: md5
      md5: 6736e9a664f169088133861e09b67e7a
      size: 170
    - path: models/plots/confusion_matrix.json
      hash: md5
      md5: 9e29fe58cb8cdcee84d91e210268a1af
      size: 322
    - path: models/plots/roc_curve.json
      hash: md5
      md5: 59497fa7baf7937d9bb52889d4d6db9c
      size: 3904
  validate_model:
    cmd: uv run python -m src.models.validate_model --config
      configs/pipeline.yaml
    deps:
    - path: configs/pipeline.yaml
      hash: md5
      md5: 4ade9009db5db9fbdd8f2feb89aca119
      size: 645
    - path: models/evaluation_metrics.json
      hash: md5
      md5: 6736e9a664f169088133861e09b67e7a
      size: 170
    - path: models/model.pkl
      hash: md5
      md5: 7db1d79e426d03c4fbc44b76d66bb307
      size: 1334857
    - path: src/models/validate_model.py
      hash: md5
      md5: 7f34b3f5b05a63dea9c911197f16d001
      size: 4543
    outs:
    - path: models/model_validation_report.json
      hash: md5
      md5: f2689887d1b9262dc6b6d27f059fa7bb
      size: 298
